// !$*UTF8*$!
{
	archiveVersion = 1;
	classes = {
	};
	objectVersion = 77;
	objects = {

/* Begin PBXBuildFile section */
		207048CD2F7A91B5006B90A3 /* WidgetKit.framework in Frameworks */ = {isa = PBXBuildFile; fileRef = 20854B732F7920FB0074FB37 /* WidgetKit.framework */; };
		207048CE2F7A91B5006B90A3 /* SwiftUI.framework in Frameworks */ = {isa = PBXBuildFile; fileRef = 20854B752F7920FB0074FB37 /* SwiftUI.framework */; };
		207048DD2F7A91B6006B90A3 /* PegelWatchWidgetExtension.appex in Embed Foundation Extensions */ = {isa = PBXBuildFile; fileRef = 207048CC2F7A91B5006B90A3 /* PegelWatchWidgetExtension.appex */; settings = {ATTRIBUTES = (RemoveHeadersOnCopy, ); }; };
/* End PBXBuildFile section */

/* Begin PBXContainerItemProxy section */
		207048DB2F7A91B6006B90A3 /* PBXContainerItemProxy */ = {
			isa = PBXContainerItemProxy;
			containerPortal = 20295CC22F72DB6A00BC7C05 /* Project object */;
			proxyType = 1;
			remoteGlobalIDString = 207048CB2F7A91B5006B90A3;
			remoteInfo = PegelWatchWidgetExtension;
		};
/* End PBXContainerItemProxy section */

/* Begin PBXCopyFilesBuildPhase section */
		20295D112F732B1000BC7C05 /* Embed Foundation Extensions */ = {
			isa = PBXCopyFilesBuildPhase;
			buildActionMask = 2147483647;
			dstPath = "";
			dstSubfolderSpec = 13;
			files = (
				207048DD2F7A91B6006B90A3 /* PegelWatchWidgetExtension.appex in Embed Foundation Extensions */,
			);
			name = "Embed Foundation Extensions";
			runOnlyForDeploymentPostprocessing = 0;
		};
		20295D262F732D2C00BC7C05 /* Embed ExtensionKit Extensions */ = {
			isa = PBXCopyFilesBuildPhase;
			buildActionMask = 2147483647;
			dstPath = "$(EXTENSIONS_FOLDER_PATH)";
			dstSubfolderSpec = 16;
			files = (
			);
			name = "Embed ExtensionKit Extensions";
			runOnlyForDeploymentPostprocessing = 0;
		};
		20F9AC792FF936E1002FB4A8 /* Embed Watch Content */ = {
			isa = PBXCopyFilesBuildPhase;
			buildActionMask = 2147483647;
			dstPath = "$(CONTENTS_FOLDER_PATH)/Watch";
			dstSubfolderSpec = 16;
			files = (
			);
			name = "Embed Watch Content";
			runOnlyForDeploymentPostprocessing = 0;
		};
/* End PBXCopyFilesBuildPhase section */

/* Begin PBXFileReference section */
		20295CCA2F72DB6A00BC7C05 /* PegelWatch.app */ = {isa = PBXFileReference; explicitFileType = wrapper.application; includeInIndex = 0; path = PegelWatch.app; sourceTree = BUILT_PRODUCTS_DIR; };
		20295CFF2F732B1000BC7C05 /* UserNotifications.framework */ = {isa = PBXFileReference; lastKnownFileType = wrapper.framework; name = UserNotifications.framework; path = System/Library/Frameworks/UserNotifications.framework; sourceTree = SDKROOT; };
		20295D012F732B1000BC7C05 /* UserNotificationsUI.framework */ = {isa = PBXFileReference; lastKnownFileType = wrapper.framework; name = UserNotificationsUI.framework; path = System/Library/Frameworks/UserNotificationsUI.framework; sourceTree = SDKROOT; };
		207048C02F7A8F93006B90A3 /* PegelWatchWidgetExtension.entitlements */ = {isa = PBXFileReference; lastKnownFileType = text.plist.entitlements; path = PegelWatchWidgetExtension.entitlements; sourceTree = "<group>"; };
		207048CC2F7A91B5006B90A3 /* PegelWatchWidgetExtension.appex */ = {isa = PBXFileReference; explicitFileType = "wrapper.app-extension"; includeInIndex = 0; path = PegelWatchWidgetExtension.appex; sourceTree = BUILT_PRODUCTS_DIR; };
		20854B732F7920FB0074FB37 /* WidgetKit.framework */ = {isa = PBXFileReference; lastKnownFileType = wrapper.framework; name = WidgetKit.framework; path = System/Library/Frameworks/WidgetKit.framework; sourceTree = SDKROOT; };
		20854B752F7920FB0074FB37 /* SwiftUI.framework */ = {isa = PBXFileReference; lastKnownFileType = wrapper.framework; name = SwiftUI.framework; path = System/Library/Frameworks/SwiftUI.framework; sourceTree = SDKROOT; };
/* End PBXFileReference section */

/* Begin PBXFileSystemSynchronizedBuildFileExceptionSet section */
		207048E12F7A91B6006B90A3 /* Exceptions for "PegelWatchWidget" folder in "PegelWatchWidgetExtension" target */ = {
			isa = PBXFileSystemSynchronizedBuildFileExceptionSet;
			membershipExceptions = (
				Info.plist,
			);
			target = 207048CB2F7A91B5006B90A3 /* PegelWatchWidgetExtension */;
		};
		207048E52F7ACFB6006B90A3 /* Exceptions for "PegelWatch" folder in "PegelWatchWidgetExtension" target */ = {
			isa = PBXFileSystemSynchronizedBuildFileExceptionSet;
			membershipExceptions = (
				Assets.xcassets,
				Models/AlarmEvent.swift,
				Models/AlarmLevel.swift,
				Models/CustomAlarm.swift,
				Models/Station.swift,
				Models/WatchedStation.swift,
				Networking/HeichwaasserAPI.swift,
				Networking/PegelOnlineAPI.swift,
			);
			target = 207048CB2F7A91B5006B90A3 /* PegelWatchWidgetExtension */;
		};
		207048EF2F7AD068006B90A3 /* Exceptions for "PegelWatchWidget" folder in "PegelWatch" target */ = {
			isa = PBXFileSystemSynchronizedBuildFileExceptionSet;
			membershipExceptions = (
				PegelWatchActivityAttributes.swift,
				PegelWatchCriticalActivityAttributes.swift,
			);
			target = 20295CC92F72DB6A00BC7C05 /* PegelWatch */;
		};
		20854BF32F79C16A0074FB37 /* Exceptions for "PegelWatch" folder in "PegelWatch" target */ = {
			isa = PBXFileSystemSynchronizedBuildFileExceptionSet;
			membershipExceptions = (
				Info.plist,
			);
			target = 20295CC92F72DB6A00BC7C05 /* PegelWatch */;
		};
/* End PBXFileSystemSynchronizedBuildFileExceptionSet section */

/* Begin PBXFileSystemSynchronizedRootGroup section */
		20295CCC2F72DB6A00BC7C05 /* PegelWatch */ = {
			isa = PBXFileSystemSynchronizedRootGroup;
			exceptions = (
				20854BF32F79C16A0074FB37 /* Exceptions for "PegelWatch" folder in "PegelWatch" target */,
				207048E52F7ACFB6006B90A3 /* Exceptions for "PegelWatch" folder in "PegelWatchWidgetExtension" target */,
			);
			path = PegelWatch;
			sourceTree = "<group>";
		};
		207048CF2F7A91B5006B90A3 /* PegelWatchWidget */ = {
			isa = PBXFileSystemSynchronizedRootGroup;
			exceptions = (
				207048EF2F7AD068006B90A3 /* Exceptions for "PegelWatchWidget" folder in "PegelWatch" target */,
				207048E12F7A91B6006B90A3 /* Exceptions for "PegelWatchWidget" folder in "PegelWatchWidgetExtension" target */,
			);
			path = PegelWatchWidget;
			sourceTree = "<group>";
		};
		20F9AC6C2FF936E1002FB4A8 /* PegelWatchWatch Watch App */ = {
			isa = PBXFileSystemSynchronizedRootGroup;
			path = "PegelWatchWatch Watch App";
			sourceTree = "<group>";
		};
/* End PBXFileSystemSynchronizedRootGroup section */

/* Begin PBXFrameworksBuildPhase section */
		20295CC72F72DB6A00BC7C05 /* Frameworks */ = {
			isa = PBXFrameworksBuildPhase;
			buildActionMask = 2147483647;
			files = (
			);
			runOnlyForDeploymentPostprocessing = 0;
		};
		207048C92F7A91B5006B90A3 /* Frameworks */ = {
			isa = PBXFrameworksBuildPhase;
			buildActionMask = 2147483647;
			files = (
				207048CE2F7A91B5006B90A3 /* SwiftUI.framework in Frameworks */,
				207048CD2F7A91B5006B90A3 /* WidgetKit.framework in Frameworks */,
			);
			runOnlyForDeploymentPostprocessing = 0;
		};
/* End PBXFrameworksBuildPhase section */

/* Begin PBXGroup section */
		20295CC12F72DB6A00BC7C05 = {
			isa = PBXGroup;
			children = (
				207048C02F7A8F93006B90A3 /* PegelWatchWidgetExtension.entitlements */,
				20295CCC2F72DB6A00BC7C05 /* PegelWatch */,
				207048CF2F7A91B5006B90A3 /* PegelWatchWidget */,
				20F9AC6C2FF936E1002FB4A8 /* PegelWatchWatch Watch App */,
				20295CFE2F732B1000BC7C05 /* Frameworks */,
				20295CCB2F72DB6A00BC7C05 /* Products */,
			);
			sourceTree = "<group>";
		};
		20295CCB2F72DB6A00BC7C05 /* Products */ = {
			isa = PBXGroup;
			children = (
				20295CCA2F72DB6A00BC7C05 /* PegelWatch.app */,
				207048CC2F7A91B5006B90A3 /* PegelWatchWidgetExtension.appex */,
			);
			name = Products;
			sourceTree = "<group>";
		};
		20295CFE2F732B1000BC7C05 /* Frameworks */ = {
			isa = PBXGroup;
			children = (
				20295CFF2F732B1000BC7C05 /* UserNotifications.framework */,
				20295D012F732B1000BC7C05 /* UserNotificationsUI.framework */,
				20854B732F7920FB0074FB37 /* WidgetKit.framework */,
				20854B752F7920FB0074FB37 /* SwiftUI.framework */,
			);
			name = Frameworks;
			sourceTree = "<group>";
		};
/* End PBXGroup section */

/* Begin PBXNativeTarget section */
		20295CC92F72DB6A00BC7C05 /* PegelWatch */ = {
			isa = PBXNativeTarget;
			buildConfigurationList = 20295CD72F72DB6B00BC7C05 /* Build configuration list for PBXNativeTarget "PegelWatch" */;
			buildPhases = (
				20295CC62F72DB6A00BC7C05 /* Sources */,
				20295CC72F72DB6A00BC7C05 /* Frameworks */,
				20295CC82F72DB6A00BC7C05 /* Resources */,
				20295D112F732B1000BC7C05 /* Embed Foundation Extensions */,
				20295D262F732D2C00BC7C05 /* Embed ExtensionKit Extensions */,
				20F9AC792FF936E1002FB4A8 /* Embed Watch Content */,
			);
			buildRules = (
			);
			dependencies = (
				207048DC2F7A91B6006B90A3 /* PBXTargetDependency */,
			);
			fileSystemSynchronizedGroups = (
				20295CCC2F72DB6A00BC7C05 /* PegelWatch */,
			);
			name = PegelWatch;
			packageProductDependencies = (
			);
			productName = PegelWatch;
			productReference = 20295CCA2F72DB6A00BC7C05 /* PegelWatch.app */;
			productType = "com.apple.product-type.application";
		};
		207048CB2F7A91B5006B90A3 /* PegelWatchWidgetExtension */ = {
			isa = PBXNativeTarget;
			buildConfigurationList = 207048DE2F7A91B6006B90A3 /* Build configuration list for PBXNativeTarget "PegelWatchWidgetExtension" */;
			buildPhases = (
				207048C82F7A91B5006B90A3 /* Sources */,
				207048C92F7A91B5006B90A3 /* Frameworks */,
				207048CA2F7A91B5006B90A3 /* Resources */,
			);
			buildRules = (
			);
			dependencies = (
			);
			fileSystemSynchronizedGroups = (
				207048CF2F7A91B5006B90A3 /* PegelWatchWidget */,
			);
			name = PegelWatchWidgetExtension;
			packageProductDependencies = (
			);
			productName = PegelWatchWidgetExtension;
			productReference = 207048CC2F7A91B5006B90A3 /* PegelWatchWidgetExtension.appex */;
			productType = "com.apple.product-type.app-extension";
		};
/* End PBXNativeTarget section */

/* Begin PBXProject section */
		20295CC22F72DB6A00BC7C05 /* Project object */ = {
			isa = PBXProject;
			attributes = {
				BuildIndependentTargetsInParallel = 1;
				LastSwiftUpdateCheck = 2650;
				LastUpgradeCheck = 2650;
				TargetAttributes = {
					20295CC92F72DB6A00BC7C05 = {
						CreatedOnToolsVersion = 26.3;
					};
					207048CB2F7A91B5006B90A3 = {
						CreatedOnToolsVersion = 26.4;
					};
				};
			};
			buildConfigurationList = 20295CC52F72DB6A00BC7C05 /* Build configuration list for PBXProject "PegelWatch" */;
			developmentRegion = de;
			hasScannedForEncodings = 0;
			knownRegions = (
				en,
				Base,
				de,
			);
			mainGroup = 20295CC12F72DB6A00BC7C05;
			minimizedProjectReferenceProxies = 1;
			preferredProjectObjectVersion = 77;
			productRefGroup = 20295CCB2F72DB6A00BC7C05 /* Products */;
			projectDirPath = "";
			projectRoot = "";
			targets = (
				20295CC92F72DB6A00BC7C05 /* PegelWatch */,
				207048CB2F7A91B5006B90A3 /* PegelWatchWidgetExtension */,
			);
		};
/* End PBXProject section */

/* Begin PBXResourcesBuildPhase section */
		20295CC82F72DB6A00BC7C05 /* Resources */ = {
			isa = PBXResourcesBuildPhase;
			buildActionMask = 2147483647;
			files = (
			);
			runOnlyForDeploymentPostprocessing = 0;
		};
		207048CA2F7A91B5006B90A3 /* Resources */ = {
			isa = PBXResourcesBuildPhase;
			buildActionMask = 2147483647;
			files = (
			);
			runOnlyForDeploymentPostprocessing = 0;
		};
/* End PBXResourcesBuildPhase section */

/* Begin PBXSourcesBuildPhase section */
		20295CC62F72DB6A00BC7C05 /* Sources */ = {
			isa = PBXSourcesBuildPhase;
			buildActionMask = 2147483647;
			files = (
			);
			runOnlyForDeploymentPostprocessing = 0;
		};
		207048C82F7A91B5006B90A3 /* Sources */ = {
			isa = PBXSourcesBuildPhase;
			buildActionMask = 2147483647;
			files = (
			);
			runOnlyForDeploymentPostprocessing = 0;
		};
/* End PBXSourcesBuildPhase section */

/* Begin PBXTargetDependency section */
		207048DC2F7A91B6006B90A3 /* PBXTargetDependency */ = {
			isa = PBXTargetDependency;
			target = 207048CB2F7A91B5006B90A3 /* PegelWatchWidgetExtension */;
			targetProxy = 207048DB2F7A91B6006B90A3 /* PBXContainerItemProxy */;
		};
/* End PBXTargetDependency section */

/* Begin XCBuildConfiguration section */
		20295CD52F72DB6B00BC7C05 /* Debug */ = {
			isa = XCBuildConfiguration;
			buildSettings = {
				ALWAYS_SEARCH_USER_PATHS = NO;
				ASSETCATALOG_COMPILER_GENERATE_SWIFT_ASSET_SYMBOL_EXTENSIONS = YES;
				CLANG_ANALYZER_LOCALIZABILITY_NONLOCALIZED = YES;
				CLANG_ANALYZER_NONNULL = YES;
				CLANG_ANALYZER_NUMBER_OBJECT_CONVERSION = YES_AGGRESSIVE;
				CLANG_CXX_LANGUAGE_STANDARD = "gnu++20";
				CLANG_ENABLE_MODULES = YES;
				CLANG_ENABLE_OBJC_ARC = YES;
				CLANG_ENABLE_OBJC_WEAK = YES;
				CLANG_WARN_BLOCK_CAPTURE_AUTORELEASING = YES;
				CLANG_WARN_BOOL_CONVERSION = YES;
				CLANG_WARN_COMMA = YES;
				CLANG_WARN_CONSTANT_CONVERSION = YES;
				CLANG_WARN_DEPRECATED_OBJC_IMPLEMENTATIONS = YES;
				CLANG_WARN_DIRECT_OBJC_ISA_USAGE = YES_ERROR;
				CLANG_WARN_DOCUMENTATION_COMMENTS = YES;
				CLANG_WARN_EMPTY_BODY = YES;
				CLANG_WARN_ENUM_CONVERSION = YES;
				CLANG_WARN_INFINITE_RECURSION = YES;
				CLANG_WARN_INT_CONVERSION = YES;
				CLANG_WARN_NON_LITERAL_NULL_CONVERSION = YES;
				CLANG_WARN_OBJC_IMPLICIT_RETAIN_SELF = YES;
				CLANG_WARN_OBJC_LITERAL_CONVERSION = YES;
				CLANG_WARN_OBJC_ROOT_CLASS = YES_ERROR;
				CLANG_WARN_QUOTED_INCLUDE_IN_FRAMEWORK_HEADER = YES;
				CLANG_WARN_RANGE_LOOP_ANALYSIS = YES;
				CLANG_WARN_STRICT_PROTOTYPES = YES;
				CLANG_WARN_SUSPICIOUS_MOVE = YES;
				CLANG_WARN_UNGUARDED_AVAILABILITY = YES_AGGRESSIVE;
				CLANG_WARN_UNREACHABLE_CODE = YES;
				CLANG_WARN__DUPLICATE_METHOD_MATCH = YES;
				COPY_PHASE_STRIP = NO;
				DEBUG_INFORMATION_FORMAT = dwarf;
				DEVELOPMENT_TEAM = AZ24MG7H2P;
				ENABLE_STRICT_OBJC_MSGSEND = YES;
				ENABLE_TESTABILITY = YES;
				ENABLE_USER_SCRIPT_SANDBOXING = YES;
				GCC_C_LANGUAGE_STANDARD = gnu17;
				GCC_DYNAMIC_NO_PIC = NO;
				GCC_NO_COMMON_BLOCKS = YES;
				GCC_OPTIMIZATION_LEVEL = 0;
				GCC_PREPROCESSOR_DEFINITIONS = (
					"DEBUG=1",
					"$(inherited)",
				);
				GCC_WARN_64_TO_32_BIT_CONVERSION = YES;
				GCC_WARN_ABOUT_RETURN_TYPE = YES_ERROR;
				GCC_WARN_UNDECLARED_SELECTOR = YES;
				GCC_WARN_UNINITIALIZED_AUTOS = YES_AGGRESSIVE;
				GCC_WARN_UNUSED_FUNCTION = YES;
				GCC_WARN_UNUSED_VARIABLE = YES;
				IPHONEOS_DEPLOYMENT_TARGET = 26.2;
				LOCALIZATION_PREFERS_STRING_CATALOGS = YES;
				MTL_ENABLE_DEBUG_INFO = INCLUDE_SOURCE;
				MTL_FAST_MATH = YES;
				ONLY_ACTIVE_ARCH = YES;
				SDKROOT = iphoneos;
				STRING_CATALOG_GENERATE_SYMBOLS = YES;
				SWIFT_ACTIVE_COMPILATION_CONDITIONS = "DEBUG $(inherited)";
				SWIFT_OPTIMIZATION_LEVEL = "-Onone";
			};
			name = Debug;
		};
		20295CD62F72DB6B00BC7C05 /* Release */ = {
			isa = XCBuildConfiguration;
			buildSettings = {
				ALWAYS_SEARCH_USER_PATHS = NO;
				ASSETCATALOG_COMPILER_GENERATE_SWIFT_ASSET_SYMBOL_EXTENSIONS = YES;
				CLANG_ANALYZER_LOCALIZABILITY_NONLOCALIZED = YES;
				CLANG_ANALYZER_NONNULL = YES;
				CLANG_ANALYZER_NUMBER_OBJECT_CONVERSION = YES_AGGRESSIVE;
				CLANG_CXX_LANGUAGE_STANDARD = "gnu++20";
				CLANG_ENABLE_MODULES = YES;
				CLANG_ENABLE_OBJC_ARC = YES;
				CLANG_ENABLE_OBJC_WEAK = YES;
				CLANG_WARN_BLOCK_CAPTURE_AUTORELEASING = YES;
				CLANG_WARN_BOOL_CONVERSION = YES;
				CLANG_WARN_COMMA = YES;
				CLANG_WARN_CONSTANT_CONVERSION = YES;
				CLANG_WARN_DEPRECATED_OBJC_IMPLEMENTATIONS = YES;
				CLANG_WARN_DIRECT_OBJC_ISA_USAGE = YES_ERROR;
				CLANG_WARN_DOCUMENTATION_COMMENTS = YES;
				CLANG_WARN_EMPTY_BODY = YES;
				CLANG_WARN_ENUM_CONVERSION = YES;
				CLANG_WARN_INFINITE_RECURSION = YES;
				CLANG_WARN_INT_CONVERSION = YES;
				CLANG_WARN_NON_LITERAL_NULL_CONVERSION = YES;
				CLANG_WARN_OBJC_IMPLICIT_RETAIN_SELF = YES;
				CLANG_WARN_OBJC_LITERAL_CONVERSION = YES;
				CLANG_WARN_OBJC_ROOT_CLASS = YES_ERROR;
				CLANG_WARN_QUOTED_INCLUDE_IN_FRAMEWORK_HEADER = YES;
				CLANG_WARN_RANGE_LOOP_ANALYSIS = YES;
				CLANG_WARN_STRICT_PROTOTYPES = YES;
				CLANG_WARN_SUSPICIOUS_MOVE = YES;
				CLANG_WARN_UNGUARDED_AVAILABILITY = YES_AGGRESSIVE;
				CLANG_WARN_UNREACHABLE_CODE = YES;
				CLANG_WARN__DUPLICATE_METHOD_MATCH = YES;
				COPY_PHASE_STRIP = NO;
				DEBUG_INFORMATION_FORMAT = "dwarf-with-dsym";
				DEVELOPMENT_TEAM = AZ24MG7H2P;
				ENABLE_NS_ASSERTIONS = NO;
				ENABLE_STRICT_OBJC_MSGSEND = YES;
				ENABLE_USER_SCRIPT_SANDBOXING = YES;
				GCC_C_LANGUAGE_STANDARD = gnu17;
				GCC_NO_COMMON_BLOCKS = YES;
				GCC_WARN_64_TO_32_BIT_CONVERSION = YES;
				GCC_WARN_ABOUT_RETURN_TYPE = YES_ERROR;
				GCC_WARN_UNDECLARED_SELECTOR = YES;
				GCC_WARN_UNINITIALIZED_AUTOS = YES_AGGRESSIVE;
				GCC_WARN_UNUSED_FUNCTION = YES;
				GCC_WARN_UNUSED_VARIABLE = YES;
				IPHONEOS_DEPLOYMENT_TARGET = 26.2;
				LOCALIZATION_PREFERS_STRING_CATALOGS = YES;
				MTL_ENABLE_DEBUG_INFO = NO;
				MTL_FAST_MATH = YES;
				ONLY_ACTIVE_ARCH = YES;
				SDKROOT = iphoneos;
				STRING_CATALOG_GENERATE_SYMBOLS = YES;
				SWIFT_COMPILATION_MODE = wholemodule;
				VALIDATE_PRODUCT = YES;
			};
			name = Release;
		};
		20295CD82F72DB6B00BC7C05 /* Debug */ = {
			isa = XCBuildConfiguration;
			buildSettings = {
				ASSETCATALOG_COMPILER_APPICON_NAME = AppIcon;
				ASSETCATALOG_COMPILER_GLOBAL_ACCENT_COLOR_NAME = AccentColor;
				ASSETCATALOG_COMPILER_INCLUDE_ALL_APPICON_ASSETS = YES;
				CODE_SIGN_ENTITLEMENTS = PegelWatch/PegelWatch.entitlements;
				CODE_SIGN_STYLE = Automatic;
				CURRENT_PROJECT_VERSION = 3;
				DEVELOPMENT_TEAM = AZ24MG7H2P;
				ENABLE_PREVIEWS = YES;
				GENERATE_INFOPLIST_FILE = YES;
				INFOPLIST_FILE = PegelWatch/Info.plist;
				INFOPLIST_KEY_CFBundleDisplayName = PegelWatch;
				INFOPLIST_KEY_ITSAppUsesNonExemptEncryption = NO;
				INFOPLIST_KEY_LSApplicationCategoryType = "public.app-category.weather";
				INFOPLIST_KEY_NSSupportsLiveActivities = YES;
				INFOPLIST_KEY_NSSupportsLiveActivitiesFrequentUpdates = YES;
				INFOPLIST_KEY_UIApplicationSceneManifest_Generation = YES;
				INFOPLIST_KEY_UIApplicationSupportsIndirectInputEvents = YES;
				INFOPLIST_KEY_UILaunchScreen_Generation = YES;
				INFOPLIST_KEY_UISupportedInterfaceOrientations_iPad = "UIInterfaceOrientationPortrait UIInterfaceOrientationPortraitUpsideDown UIInterfaceOrientationLandscapeLeft UIInterfaceOrientationLandscapeRight";
				INFOPLIST_KEY_UISupportedInterfaceOrientations_iPhone = "UIInterfaceOrientationPortrait UIInterfaceOrientationLandscapeLeft UIInterfaceOrientationLandscapeRight";
				LD_RUNPATH_SEARCH_PATHS = (
					"$(inherited)",
					"@executable_path/Frameworks",
				);
				MARKETING_VERSION = 3.2;
				PRODUCT_BUNDLE_IDENTIFIER = de.felixschick.PegelWatch;
				PRODUCT_NAME = "$(TARGET_NAME)";
				STRING_CATALOG_GENERATE_SYMBOLS = YES;
				SWIFT_APPROACHABLE_CONCURRENCY = YES;
				SWIFT_DEFAULT_ACTOR_ISOLATION = MainActor;
				SWIFT_EMIT_LOC_STRINGS = YES;
				SWIFT_UPCOMING_FEATURE_MEMBER_IMPORT_VISIBILITY = YES;
				SWIFT_VERSION = 5.0;
				TARGETED_DEVICE_FAMILY = "1,2";
			};
			name = Debug;
		};
		20295CD92F72DB6B00BC7C05 /* Release */ = {
			isa = XCBuildConfiguration;
			buildSettings = {
				ASSETCATALOG_COMPILER_APPICON_NAME = AppIcon;
				ASSETCATALOG_COMPILER_GLOBAL_ACCENT_COLOR_NAME = AccentColor;
				ASSETCATALOG_COMPILER_INCLUDE_ALL_APPICON_ASSETS = YES;
				CODE_SIGN_ENTITLEMENTS = PegelWatch/PegelWatch.entitlements;
				CODE_SIGN_STYLE = Automatic;
				CURRENT_PROJECT_VERSION = 3;
				DEVELOPMENT_TEAM = AZ24MG7H2P;
				ENABLE_PREVIEWS = YES;
				GENERATE_INFOPLIST_FILE = YES;
				INFOPLIST_FILE = PegelWatch/Info.plist;
				INFOPLIST_KEY_CFBundleDisplayName = PegelWatch;
				INFOPLIST_KEY_ITSAppUsesNonExemptEncryption = NO;
				INFOPLIST_KEY_LSApplicationCategoryType = "public.app-category.weather";
				INFOPLIST_KEY_NSSupportsLiveActivities = YES;
				INFOPLIST_KEY_NSSupportsLiveActivitiesFrequentUpdates = YES;
				INFOPLIST_KEY_UIApplicationSceneManifest_Generation = YES;
				INFOPLIST_KEY_UIApplicationSupportsIndirectInputEvents = YES;
				INFOPLIST_KEY_UILaunchScreen_Generation = YES;
				INFOPLIST_KEY_UISupportedInterfaceOrientations_iPad = "UIInterfaceOrientationPortrait UIInterfaceOrientationPortraitUpsideDown UIInterfaceOrientationLandscapeLeft UIInterfaceOrientationLandscapeRight";
				INFOPLIST_KEY_UISupportedInterfaceOrientations_iPhone = "UIInterfaceOrientationPortrait UIInterfaceOrientationLandscapeLeft UIInterfaceOrientationLandscapeRight";
				LD_RUNPATH_SEARCH_PATHS = (
					"$(inherited)",
					"@executable_path/Frameworks",
				);
				MARKETING_VERSION = 3.2;
				PRODUCT_BUNDLE_IDENTIFIER = de.felixschick.PegelWatch;
				PRODUCT_NAME = "$(TARGET_NAME)";
				STRING_CATALOG_GENERATE_SYMBOLS = YES;
				SWIFT_APPROACHABLE_CONCURRENCY = YES;
				SWIFT_DEFAULT_ACTOR_ISOLATION = MainActor;
				SWIFT_EMIT_LOC_STRINGS = YES;
				SWIFT_UPCOMING_FEATURE_MEMBER_IMPORT_VISIBILITY = YES;
				SWIFT_VERSION = 5.0;
				TARGETED_DEVICE_FAMILY = "1,2";
			};
			name = Release;
		};
		207048DF2F7A91B6006B90A3 /* Debug */ = {
			isa = XCBuildConfiguration;
			buildSettings = {
				ASSETCATALOG_COMPILER_GLOBAL_ACCENT_COLOR_NAME = AccentColor;
				ASSETCATALOG_COMPILER_WIDGET_BACKGROUND_COLOR_NAME = WidgetBackground;
				CODE_SIGN_ENTITLEMENTS = PegelWatchWidgetExtension.entitlements;
				CODE_SIGN_STYLE = Automatic;
				CURRENT_PROJECT_VERSION = 3;
				DEVELOPMENT_TEAM = AZ24MG7H2P;
				GENERATE_INFOPLIST_FILE = YES;
				INFOPLIST_FILE = PegelWatchWidget/Info.plist;
				INFOPLIST_KEY_CFBundleDisplayName = PegelWatchWidget;
				INFOPLIST_KEY_NSHumanReadableCopyright = "";
				IPHONEOS_DEPLOYMENT_TARGET = 26.4;
				LD_RUNPATH_SEARCH_PATHS = (
					"$(inherited)",
					"@executable_path/Frameworks",
					"@executable_path/../../Frameworks",
				);
				MARKETING_VERSION = 3.2;
				PRODUCT_BUNDLE_IDENTIFIER = de.felixschick.PegelWatch.PegelWatchWidget;
				PRODUCT_NAME = "$(TARGET_NAME)";
				SKIP_INSTALL = YES;
				STRING_CATALOG_GENERATE_SYMBOLS = YES;
				SWIFT_APPROACHABLE_CONCURRENCY = YES;
				SWIFT_EMIT_LOC_STRINGS = YES;
				SWIFT_UPCOMING_FEATURE_MEMBER_IMPORT_VISIBILITY = YES;
				SWIFT_VERSION = 5.0;
				TARGETED_DEVICE_FAMILY = "1,2";
			};
			name = Debug;
		};
		207048E02F7A91B6006B90A3 /* Release */ = {
			isa = XCBuildConfiguration;
			buildSettings = {
				ASSETCATALOG_COMPILER_GLOBAL_ACCENT_COLOR_NAME = AccentColor;
				ASSETCATALOG_COMPILER_WIDGET_BACKGROUND_COLOR_NAME = WidgetBackground;
				CODE_SIGN_ENTITLEMENTS = PegelWatchWidgetExtension.entitlements;
				CODE_SIGN_STYLE = Automatic;
				CURRENT_PROJECT_VERSION = 3;
				DEVELOPMENT_TEAM = AZ24MG7H2P;
				GENERATE_INFOPLIST_FILE = YES;
				INFOPLIST_FILE = PegelWatchWidget/Info.plist;
				INFOPLIST_KEY_CFBundleDisplayName = PegelWatchWidget;
				INFOPLIST_KEY_NSHumanReadableCopyright = "";
				IPHONEOS_DEPLOYMENT_TARGET = 26.4;
				LD_RUNPATH_SEARCH_PATHS = (
					"$(inherited)",
					"@executable_path/Frameworks",
					"@executable_path/../../Frameworks",
				);
				MARKETING_VERSION = 3.2;
				PRODUCT_BUNDLE_IDENTIFIER = de.felixschick.PegelWatch.PegelWatchWidget;
				PRODUCT_NAME = "$(TARGET_NAME)";
				SKIP_INSTALL = YES;
				STRING_CATALOG_GENERATE_SYMBOLS = YES;
				SWIFT_APPROACHABLE_CONCURRENCY = YES;
				SWIFT_EMIT_LOC_STRINGS = YES;
				SWIFT_UPCOMING_FEATURE_MEMBER_IMPORT_VISIBILITY = YES;
				SWIFT_VERSION = 5.0;
				TARGETED_DEVICE_FAMILY = "1,2";
			};
			name = Release;
		};
/* End XCBuildConfiguration section */

/* Begin XCConfigurationList section */
		20295CC52F72DB6A00BC7C05 /* Build configuration list for PBXProject "PegelWatch" */ = {
			isa = XCConfigurationList;
			buildConfigurations = (
				20295CD52F72DB6B00BC7C05 /* Debug */,
				20295CD62F72DB6B00BC7C05 /* Release */,
			);
			defaultConfigurationIsVisible = 0;
			defaultConfigurationName = Release;
		};
		20295CD72F72DB6B00BC7C05 /* Build configuration list for PBXNativeTarget "PegelWatch" */ = {
			isa = XCConfigurationList;
			buildConfigurations = (
				20295CD82F72DB6B00BC7C05 /* Debug */,
				20295CD92F72DB6B00BC7C05 /* Release */,
			);
			defaultConfigurationIsVisible = 0;
			defaultConfigurationName = Release;
		};
		207048DE2F7A91B6006B90A3 /* Build configuration list for PBXNativeTarget "PegelWatchWidgetExtension" */ = {
			isa = XCConfigurationList;
			buildConfigurations = (
				207048DF2F7A91B6006B90A3 /* Debug */,
				207048E02F7A91B6006B90A3 /* Release */,
			);
			defaultConfigurationIsVisible = 0;
			defaultConfigurationName = Release;
		};
/* End XCConfigurationList section */
	};
	rootObject = 20295CC22F72DB6A00BC7C05 /* Project object */;
}
